
Microsoft Visual Studio Solution File, Format Version 12.00
# Visual Studio 14
VisualStudioVersion = 14.0.25420.1
MinimumVisualStudioVersion = 10.0.40219.1
Project("{FAE04EC0-301F-11D3-BF4B-00C04F79EFBC}") = "Markdig.SemanticUi", "src\Markdig.SemanticUi\Markdig.SemanticUi.csproj", "{B4B67096-3397-4DB2-AF28-0FEACF749137}"
EndProject
Project("{FAE04EC0-301F-11D3-BF4B-00C04F79EFBC}") = "MarkDig.SemanticUi.Tests", "test\MarkDig.SemanticUi.Tests\MarkDig.SemanticUi.Tests.csproj", "{B40F1092-FC2F-485D-9AA8-806F8BF54D63}"
EndProject
Global
	GlobalSection(SolutionConfigurationPlatforms) = preSolution
		Debug|Any CPU = Debug|Any CPU
		Release|Any CPU = Release|Any CPU
	EndGlobalSection
	GlobalSection(ProjectConfigurationPlatforms) = postSolution
		{B4B67096-3397-4DB2-AF28-0FEACF749137}.Debug|Any CPU.ActiveCfg = Debug|Any CPU
		{B4B67096-3397-4DB2-AF28-0FEACF749137}.Debug|Any CPU.Build.0 = Debug|Any CPU
		{B4B67096-3397-4DB2-AF28-0FEACF749137}.Release|Any CPU.ActiveCfg = Release|Any CPU
		{B4B67096-3397-4DB2-AF28-0FEACF749137}.Release|Any CPU.Build.0 = Release|Any CPU
		{B40F1092-FC2F-485D-9AA8-806F8BF54D63}.Debug|Any CPU.ActiveCfg = Debug|Any CPU
		{B40F1092-FC2F-485D-9AA8-806F8BF54D63}.Debug|Any CPU.Build.0 = Debug|Any CPU
		{B40F1092-FC2F-485D-9AA8-806F8BF54D63}.Release|Any CPU.ActiveCfg = Release|Any CPU
		{B40F1092-FC2F-485D-9AA8-806F8BF54D63}.Release|Any CPU.Build.0 = Release|Any CPU
	EndGlobalSection
	GlobalSection(SolutionProperties) = preSolution
		HideSolutionNode = FALSE
	EndGlobalSection
EndGlobal
